PODS:
  - Flutter (1.0.0)
  - flutter_embed_unity_2022_3_ios (0.0.1):
    - Flutter
  - integration_test (0.0.1):
    - Flutter

DEPENDENCIES:
  - Flutter (from `Flutter`)
  - flutter_embed_unity_2022_3_ios (from `.symlinks/plugins/flutter_embed_unity_2022_3_ios/ios`)
  - integration_test (from `.symlinks/plugins/integration_test/ios`)

EXTERNAL SOURCES:
  Flutter:
    :path: Flutter
  flutter_embed_unity_2022_3_ios:
    :path: ".symlinks/plugins/flutter_embed_unity_2022_3_ios/ios"
  integration_test:
    :path: ".symlinks/plugins/integration_test/ios"

SPEC CHECKSUMS:
  Flutter: f04841e97a9d0b0a8025694d0796dd46242b2854
  flutter_embed_unity_2022_3_ios: f3e973dfc7288e9fd60c884822456e47ba527cf7
  integration_test: 13825b8a9334a850581300559b8839134b124670

PODFILE CHECKSUM: 7be2f5f74864d463a8ad433546ed1de7e0f29aef

COCOAPODS: 1.12.0
